{
  "R": {
    "Version": "4.5.2",
    "Repositories": [
      {
        "Name": "CRAN",
        "URL": "https://cran.rstudio.com"
      }
    ]
  },
  "Packages": {
    "shiny": {
      "Package": "shiny",
      "Version": "1.9.1",
      "Source": "Repository",
      "Repository": "CRAN"
    },
    "yaml": {
      "Package": "yaml",
      "Version": "2.3.8",
      "Source": "Repository",
      "Repository": "CRAN"
    }
  }
}
